// !$*UTF8*$!
{
	archiveVersion = 1;
	classes = {
	};
	objectVersion = 55;
	objects = {

/* Begin PBXBuildFile section */
		18A09FE42B6D12DB00729BD6 /* landmarkData.json in Resources */ = {isa = PBXBuildFile; fileRef = 18A09FE32B6D12DB00729BD6 /* landmarkData.json */; };
		18A09FE62B6D18BA00729BD6 /* Landmark.swift in Sources */ = {isa = PBXBuildFile; fileRef = 18A09FE52B6D18BA00729BD6 /* Landmark.swift */; };
		18A09FE82B6D200C00729BD6 /* ModelData.swift in Sources */ = {isa = PBXBuildFile; fileRef = 18A09FE72B6D200C00729BD6 /* ModelData.swift */; };
		18A09FED2B6D25B400729BD6 /* LandmarkRow.swift in Sources */ = {isa = PBXBuildFile; fileRef = 18A09FEC2B6D25B400729BD6 /* LandmarkRow.swift */; };
		18A09FEF2B6D28C300729BD6 /* LandmarkList.swift in Sources */ = {isa = PBXBuildFile; fileRef = 18A09FEE2B6D28C300729BD6 /* LandmarkList.swift */; };
		18A80A9E2B6BD40C007254E8 /* SwiftUIDemoApp.swift in Sources */ = {isa = PBXBuildFile; fileRef = 18A80A9D2B6BD40C007254E8 /* SwiftUIDemoApp.swift */; };
		18A80AA02B6BD40C007254E8 /* ContentView.swift in Sources */ = {isa = PBXBuildFile; fileRef = 18A80A9F2B6BD40C007254E8 /* ContentView.swift */; };
		18A80AA22B6BD411007254E8 /* Assets.xcassets in Resources */ = {isa = PBXBuildFile; fileRef = 18A80AA12B6BD411007254E8 /* Assets.xcassets */; };
		18A80AA52B6BD411007254E8 /* Preview Assets.xcassets in Resources */ = {isa = PBXBuildFile; fileRef = 18A80AA42B6BD411007254E8 /* Preview Assets.xcassets */; };
		18A80AAC2B6BEAD6007254E8 /* png-transparent-statue-of-unity-sardar-vallabhai-patel.png in Resources */ = {isa = PBXBuildFile; fileRef = 18A80AAB2B6BEAD6007254E8 /* png-transparent-statue-of-unity-sardar-vallabhai-patel.png */; };
		18A80AAE2B6BEFFF007254E8 /* CircleImage.swift in Sources */ = {isa = PBXBuildFile; fileRef = 18A80AAD2B6BEFFF007254E8 /* CircleImage.swift */; };
		18A80AB02B6BF2F1007254E8 /* MapView.swift in Sources */ = {isa = PBXBuildFile; fileRef = 18A80AAF2B6BF2F1007254E8 /* MapView.swift */; };
		18C43A4F2B6E1010005DBF25 /* LandmarkDetail.swift in Sources */ = {isa = PBXBuildFile; fileRef = 18C43A4E2B6E1010005DBF25 /* LandmarkDetail.swift */; };
/* End PBXBuildFile section */

/* Begin PBXFileReference section */
		18A09FE32B6D12DB00729BD6 /* landmarkData.json */ = {isa = PBXFileReference; fileEncoding = 4; lastKnownFileType = text.json; path = landmarkData.json; sourceTree = "<group>"; };
		18A09FE52B6D18BA00729BD6 /* Landmark.swift */ = {isa = PBXFileReference; lastKnownFileType = sourcecode.swift; path = Landmark.swift; sourceTree = "<group>"; };
		18A09FE72B6D200C00729BD6 /* ModelData.swift */ = {isa = PBXFileReference; lastKnownFileType = sourcecode.swift; path = ModelData.swift; sourceTree = "<group>"; };
		18A09FEC2B6D25B400729BD6 /* LandmarkRow.swift */ = {isa = PBXFileReference; lastKnownFileType = sourcecode.swift; path = LandmarkRow.swift; sourceTree = "<group>"; };
		18A09FEE2B6D28C300729BD6 /* LandmarkList.swift */ = {isa = PBXFileReference; lastKnownFileType = sourcecode.swift; path = LandmarkList.swift; sourceTree = "<group>"; };
		18A80A9A2B6BD40C007254E8 /* SwiftUIDemo.app */ = {isa = PBXFileReference; explicitFileType = wrapper.application; includeInIndex = 0; path = SwiftUIDemo.app; sourceTree = BUILT_PRODUCTS_DIR; };
		18A80A9D2B6BD40C007254E8 /* SwiftUIDemoApp.swift */ = {isa = PBXFileReference; lastKnownFileType = sourcecode.swift; path = SwiftUIDemoApp.swift; sourceTree = "<group>"; };
		18A80A9F2B6BD40C007254E8 /* ContentView.swift */ = {isa = PBXFileReference; lastKnownFileType = sourcecode.swift; path = ContentView.swift; sourceTree = "<group>"; };
		18A80AA12B6BD411007254E8 /* Assets.xcassets */ = {isa = PBXFileReference; lastKnownFileType = folder.assetcatalog; path = Assets.xcassets; sourceTree = "<group>"; };
		18A80AA42B6BD411007254E8 /* Preview Assets.xcassets */ = {isa = PBXFileReference; lastKnownFileType = folder.assetcatalog; path = "Preview Assets.xcassets"; sourceTree = "<group>"; };
		18A80AAB2B6BEAD6007254E8 /* png-transparent-statue-of-unity-sardar-vallabhai-patel.png */ = {isa = PBXFileReference; lastKnownFileType = image.png; path = "png-transparent-statue-of-unity-sardar-vallabhai-patel.png"; sourceTree = "<group>"; };
		18A80AAD2B6BEFFF007254E8 /* CircleImage.swift */ = {isa = PBXFileReference; lastKnownFileType = sourcecode.swift; path = CircleImage.swift; sourceTree = "<group>"; };
		18A80AAF2B6BF2F1007254E8 /* MapView.swift */ = {isa = PBXFileReference; lastKnownFileType = sourcecode.swift; path = MapView.swift; sourceTree = "<group>"; };
		18C43A4E2B6E1010005DBF25 /* LandmarkDetail.swift */ = {isa = PBXFileReference; lastKnownFileType = sourcecode.swift; path = LandmarkDetail.swift; sourceTree = "<group>"; };
/* End PBXFileReference section */

/* Begin PBXFrameworksBuildPhase section */
		18A80A972B6BD40C007254E8 /* Frameworks */ = {
			isa = PBXFrameworksBuildPhase;
			buildActionMask = 2147483647;
			files = (
			);
			runOnlyForDeploymentPostprocessing = 0;
		};
/* End PBXFrameworksBuildPhase section */

/* Begin PBXGroup section */
		18A09FE92B6D23A700729BD6 /* Views */ = {
			isa = PBXGroup;
			children = (
				18A80A9F2B6BD40C007254E8 /* ContentView.swift */,
				18A80AAD2B6BEFFF007254E8 /* CircleImage.swift */,
				18A80AAF2B6BF2F1007254E8 /* MapView.swift */,
				18A09FEC2B6D25B400729BD6 /* LandmarkRow.swift */,
				18A09FEE2B6D28C300729BD6 /* LandmarkList.swift */,
				18C43A4E2B6E1010005DBF25 /* LandmarkDetail.swift */,
			);
			path = Views;
			sourceTree = "<group>";
		};
		18A09FEA2B6D23EC00729BD6 /* Resources */ = {
			isa = PBXGroup;
			children = (
				18A09FE32B6D12DB00729BD6 /* landmarkData.json */,
			);
			path = Resources;
			sourceTree = "<group>";
		};
		18A09FEB2B6D243600729BD6 /* Models */ = {
			isa = PBXGroup;
			children = (
				18A09FE52B6D18BA00729BD6 /* Landmark.swift */,
				18A09FE72B6D200C00729BD6 /* ModelData.swift */,
			);
			path = Models;
			sourceTree = "<group>";
		};
		18A80A912B6BD40C007254E8 = {
			isa = PBXGroup;
			children = (
				18A80A9C2B6BD40C007254E8 /* SwiftUIDemo */,
				18A80A9B2B6BD40C007254E8 /* Products */,
			);
			sourceTree = "<group>";
		};
		18A80A9B2B6BD40C007254E8 /* Products */ = {
			isa = PBXGroup;
			children = (
				18A80A9A2B6BD40C007254E8 /* SwiftUIDemo.app */,
			);
			name = Products;
			sourceTree = "<group>";
		};
		18A80A9C2B6BD40C007254E8 /* SwiftUIDemo */ = {
			isa = PBXGroup;
			children = (
				18A80A9D2B6BD40C007254E8 /* SwiftUIDemoApp.swift */,
				18A80AA12B6BD411007254E8 /* Assets.xcassets */,
				18A80AAB2B6BEAD6007254E8 /* png-transparent-statue-of-unity-sardar-vallabhai-patel.png */,
				18A80AA32B6BD411007254E8 /* Preview Content */,
				18A09FEA2B6D23EC00729BD6 /* Resources */,
				18A09FE92B6D23A700729BD6 /* Views */,
				18A09FEB2B6D243600729BD6 /* Models */,
			);
			path = SwiftUIDemo;
			sourceTree = "<group>";
		};
		18A80AA32B6BD411007254E8 /* Preview Content */ = {
			isa = PBXGroup;
			children = (
				18A80AA42B6BD411007254E8 /* Preview Assets.xcassets */,
			);
			path = "Preview Content";
			sourceTree = "<group>";
		};
/* End PBXGroup section */

/* Begin PBXNativeTarget section */
		18A80A992B6BD40C007254E8 /* SwiftUIDemo */ = {
			isa = PBXNativeTarget;
			buildConfigurationList = 18A80AA82B6BD411007254E8 /* Build configuration list for PBXNativeTarget "SwiftUIDemo" */;
			buildPhases = (
				18A80A962B6BD40C007254E8 /* Sources */,
				18A80A972B6BD40C007254E8 /* Frameworks */,
				18A80A982B6BD40C007254E8 /* Resources */,
			);
			buildRules = (
			);
			dependencies = (
			);
			name = SwiftUIDemo;
			productName = SwiftUIDemo;
			productReference = 18A80A9A2B6BD40C007254E8 /* SwiftUIDemo.app */;
			productType = "com.apple.product-type.application";
		};
/* End PBXNativeTarget section */

/* Begin PBXProject section */
		18A80A922B6BD40C007254E8 /* Project object */ = {
			isa = PBXProject;
			attributes = {
				BuildIndependentTargetsInParallel = 1;
				LastSwiftUpdateCheck = 1320;
				LastUpgradeCheck = 1320;
				TargetAttributes = {
					18A80A992B6BD40C007254E8 = {
						CreatedOnToolsVersion = 13.2.1;
					};
				};
			};
			buildConfigurationList = 18A80A952B6BD40C007254E8 /* Build configuration list for PBXProject "SwiftUIDemo" */;
			compatibilityVersion = "Xcode 13.0";
			developmentRegion = en;
			hasScannedForEncodings = 0;
			knownRegions = (
				en,
				Base,
			);
			mainGroup = 18A80A912B6BD40C007254E8;
			productRefGroup = 18A80A9B2B6BD40C007254E8 /* Products */;
			projectDirPath = "";
			projectRoot = "";
			targets = (
				18A80A992B6BD40C007254E8 /* SwiftUIDemo */,
			);
		};
/* End PBXProject section */

/* Begin PBXResourcesBuildPhase section */
		18A80A982B6BD40C007254E8 /* Resources */ = {
			isa = PBXResourcesBuildPhase;
			buildActionMask = 2147483647;
			files = (
				18A80AAC2B6BEAD6007254E8 /* png-transparent-statue-of-unity-sardar-vallabhai-patel.png in Resources */,
				18A09FE42B6D12DB00729BD6 /* landmarkData.json in Resources */,
				18A80AA52B6BD411007254E8 /* Preview Assets.xcassets in Resources */,
				18A80AA22B6BD411007254E8 /* Assets.xcassets in Resources */,
			);
			runOnlyForDeploymentPostprocessing = 0;
		};
/* End PBXResourcesBuildPhase section */

/* Begin PBXSourcesBuildPhase section */
		18A80A962B6BD40C007254E8 /* Sources */ = {
			isa = PBXSourcesBuildPhase;
			buildActionMask = 2147483647;
			files = (
				18A80AA02B6BD40C007254E8 /* ContentView.swift in Sources */,
				18A80AB02B6BF2F1007254E8 /* MapView.swift in Sources */,
				18A80A9E2B6BD40C007254E8 /* SwiftUIDemoApp.swift in Sources */,
				18A09FEF2B6D28C300729BD6 /* LandmarkList.swift in Sources */,
				18C43A4F2B6E1010005DBF25 /* LandmarkDetail.swift in Sources */,
				18A80AAE2B6BEFFF007254E8 /* CircleImage.swift in Sources */,
				18A09FE62B6D18BA00729BD6 /* Landmark.swift in Sources */,
				18A09FED2B6D25B400729BD6 /* LandmarkRow.swift in Sources */,
				18A09FE82B6D200C00729BD6 /* ModelData.swift in Sources */,
			);
			runOnlyForDeploymentPostprocessing = 0;
		};
/* End PBXSourcesBuildPhase section */

/* Begin XCBuildConfiguration section */
		18A80AA62B6BD411007254E8 /* Debug */ = {
			isa = XCBuildConfiguration;
			buildSettings = {
				ALWAYS_SEARCH_USER_PATHS = NO;
				CLANG_ANALYZER_NONNULL = YES;
				CLANG_ANALYZER_NUMBER_OBJECT_CONVERSION = YES_AGGRESSIVE;
				CLANG_CXX_LANGUAGE_STANDARD = "gnu++17";
				CLANG_CXX_LIBRARY = "libc++";
				CLANG_ENABLE_MODULES = YES;
				CLANG_ENABLE_OBJC_ARC = YES;
				CLANG_ENABLE_OBJC_WEAK = YES;
				CLANG_WARN_BLOCK_CAPTURE_AUTORELEASING = YES;
				CLANG_WARN_BOOL_CONVERSION = YES;
				CLANG_WARN_COMMA = YES;
				CLANG_WARN_CONSTANT_CONVERSION = YES;
				CLANG_WARN_DEPRECATED_OBJC_IMPLEMENTATIONS = YES;
				CLANG_WARN_DIRECT_OBJC_ISA_USAGE = YES_ERROR;
				CLANG_WARN_DOCUMENTATION_COMMENTS = YES;
				CLANG_WARN_EMPTY_BODY = YES;
				CLANG_WARN_ENUM_CONVERSION = YES;
				CLANG_WARN_INFINITE_RECURSION = YES;
				CLANG_WARN_INT_CONVERSION = YES;
				CLANG_WARN_NON_LITERAL_NULL_CONVERSION = YES;
				CLANG_WARN_OBJC_IMPLICIT_RETAIN_SELF = YES;
				CLANG_WARN_OBJC_LITERAL_CONVERSION = YES;
				CLANG_WARN_OBJC_ROOT_CLASS = YES_ERROR;
				CLANG_WARN_QUOTED_INCLUDE_IN_FRAMEWORK_HEADER = YES;
				CLANG_WARN_RANGE_LOOP_ANALYSIS = YES;
				CLANG_WARN_STRICT_PROTOTYPES = YES;
				CLANG_WARN_SUSPICIOUS_MOVE = YES;
				CLANG_WARN_UNGUARDED_AVAILABILITY = YES_AGGRESSIVE;
				CLANG_WARN_UNREACHABLE_CODE = YES;
				CLANG_WARN__DUPLICATE_METHOD_MATCH = YES;
				COPY_PHASE_STRIP = NO;
				DEBUG_INFORMATION_FORMAT = dwarf;
				ENABLE_STRICT_OBJC_MSGSEND = YES;
				ENABLE_TESTABILITY = YES;
				GCC_C_LANGUAGE_STANDARD = gnu11;
				GCC_DYNAMIC_NO_PIC = NO;
				GCC_NO_COMMON_BLOCKS = YES;
				GCC_OPTIMIZATION_LEVEL = 0;
				GCC_PREPROCESSOR_DEFINITIONS = (
					"DEBUG=1",
					"$(inherited)",
				);
				GCC_WARN_64_TO_32_BIT_CONVERSION = YES;
				GCC_WARN_ABOUT_RETURN_TYPE = YES_ERROR;
				GCC_WARN_UNDECLARED_SELECTOR = YES;
				GCC_WARN_UNINITIALIZED_AUTOS = YES_AGGRESSIVE;
				GCC_WARN_UNUSED_FUNCTION = YES;
				GCC_WARN_UNUSED_VARIABLE = YES;
				IPHONEOS_DEPLOYMENT_TARGET = 15.2;
				MTL_ENABLE_DEBUG_INFO = INCLUDE_SOURCE;
				MTL_FAST_MATH = YES;
				ONLY_ACTIVE_ARCH = YES;
				SDKROOT = iphoneos;
				SWIFT_ACTIVE_COMPILATION_CONDITIONS = DEBUG;
				SWIFT_OPTIMIZATION_LEVEL = "-Onone";
			};
			name = Debug;
		};
		18A80AA72B6BD411007254E8 /* Release */ = {
			isa = XCBuildConfiguration;
			buildSettings = {
				ALWAYS_SEARCH_USER_PATHS = NO;
				CLANG_ANALYZER_NONNULL = YES;
				CLANG_ANALYZER_NUMBER_OBJECT_CONVERSION = YES_AGGRESSIVE;
				CLANG_CXX_LANGUAGE_STANDARD = "gnu++17";
				CLANG_CXX_LIBRARY = "libc++";
				CLANG_ENABLE_MODULES = YES;
				CLANG_ENABLE_OBJC_ARC = YES;
				CLANG_ENABLE_OBJC_WEAK = YES;
				CLANG_WARN_BLOCK_CAPTURE_AUTORELEASING = YES;
				CLANG_WARN_BOOL_CONVERSION = YES;
				CLANG_WARN_COMMA = YES;
				CLANG_WARN_CONSTANT_CONVERSION = YES;
				CLANG_WARN_DEPRECATED_OBJC_IMPLEMENTATIONS = YES;
				CLANG_WARN_DIRECT_OBJC_ISA_USAGE = YES_ERROR;
				CLANG_WARN_DOCUMENTATION_COMMENTS = YES;
				CLANG_WARN_EMPTY_BODY = YES;
				CLANG_WARN_ENUM_CONVERSION = YES;
				CLANG_WARN_INFINITE_RECURSION = YES;
				CLANG_WARN_INT_CONVERSION = YES;
				CLANG_WARN_NON_LITERAL_NULL_CONVERSION = YES;
				CLANG_WARN_OBJC_IMPLICIT_RETAIN_SELF = YES;
				CLANG_WARN_OBJC_LITERAL_CONVERSION = YES;
				CLANG_WARN_OBJC_ROOT_CLASS = YES_ERROR;
				CLANG_WARN_QUOTED_INCLUDE_IN_FRAMEWORK_HEADER = YES;
				CLANG_WARN_RANGE_LOOP_ANALYSIS = YES;
				CLANG_WARN_STRICT_PROTOTYPES = YES;
				CLANG_WARN_SUSPICIOUS_MOVE = YES;
				CLANG_WARN_UNGUARDED_AVAILABILITY = YES_AGGRESSIVE;
				CLANG_WARN_UNREACHABLE_CODE = YES;
				CLANG_WARN__DUPLICATE_METHOD_MATCH = YES;
				COPY_PHASE_STRIP = NO;
				DEBUG_INFORMATION_FORMAT = "dwarf-with-dsym";
				ENABLE_NS_ASSERTIONS = NO;
				ENABLE_STRICT_OBJC_MSGSEND = YES;
				GCC_C_LANGUAGE_STANDARD = gnu11;
				GCC_NO_COMMON_BLOCKS = YES;
				GCC_WARN_64_TO_32_BIT_CONVERSION = YES;
				GCC_WARN_ABOUT_RETURN_TYPE = YES_ERROR;
				GCC_WARN_UNDECLARED_SELECTOR = YES;
				GCC_WARN_UNINITIALIZED_AUTOS = YES_AGGRESSIVE;
				GCC_WARN_UNUSED_FUNCTION = YES;
				GCC_WARN_UNUSED_VARIABLE = YES;
				IPHONEOS_DEPLOYMENT_TARGET = 15.2;
				MTL_ENABLE_DEBUG_INFO = NO;
				MTL_FAST_MATH = YES;
				SDKROOT = iphoneos;
				SWIFT_COMPILATION_MODE = wholemodule;
				SWIFT_OPTIMIZATION_LEVEL = "-O";
				VALIDATE_PRODUCT = YES;
			};
			name = Release;
		};
		18A80AA92B6BD411007254E8 /* Debug */ = {
			isa = XCBuildConfiguration;
			buildSettings = {
				ASSETCATALOG_COMPILER_APPICON_NAME = AppIcon;
				ASSETCATALOG_COMPILER_GLOBAL_ACCENT_COLOR_NAME = AccentColor;
				CODE_SIGN_STYLE = Automatic;
				CURRENT_PROJECT_VERSION = 1;
				DEVELOPMENT_ASSET_PATHS = "\"SwiftUIDemo/Preview Content\"";
				DEVELOPMENT_TEAM = B3T7FH3ZG6;
				ENABLE_PREVIEWS = YES;
				GENERATE_INFOPLIST_FILE = YES;
				INFOPLIST_KEY_UIApplicationSceneManifest_Generation = YES;
				INFOPLIST_KEY_UIApplicationSupportsIndirectInputEvents = YES;
				INFOPLIST_KEY_UILaunchScreen_Generation = YES;
				INFOPLIST_KEY_UISupportedInterfaceOrientations_iPad = "UIInterfaceOrientationPortrait UIInterfaceOrientationPortraitUpsideDown UIInterfaceOrientationLandscapeLeft UIInterfaceOrientationLandscapeRight";
				INFOPLIST_KEY_UISupportedInterfaceOrientations_iPhone = "UIInterfaceOrientationPortrait UIInterfaceOrientationLandscapeLeft UIInterfaceOrientationLandscapeRight";
				LD_RUNPATH_SEARCH_PATHS = (
					"$(inherited)",
					"@executable_path/Frameworks",
				);
				MARKETING_VERSION = 1.0;
				PRODUCT_BUNDLE_IDENTIFIER = com.Dan.SwiftUIDemo;
				PRODUCT_NAME = "$(TARGET_NAME)";
				SWIFT_EMIT_LOC_STRINGS = YES;
				SWIFT_VERSION = 5.0;
				TARGETED_DEVICE_FAMILY = "1,2";
			};
			name = Debug;
		};
		18A80AAA2B6BD411007254E8 /* Release */ = {
			isa = XCBuildConfiguration;
			buildSettings = {
				ASSETCATALOG_COMPILER_APPICON_NAME = AppIcon;
				ASSETCATALOG_COMPILER_GLOBAL_ACCENT_COLOR_NAME = AccentColor;
				CODE_SIGN_STYLE = Automatic;
				CURRENT_PROJECT_VERSION = 1;
				DEVELOPMENT_ASSET_PATHS = "\"SwiftUIDemo/Preview Content\"";
				DEVELOPMENT_TEAM = B3T7FH3ZG6;
				ENABLE_PREVIEWS = YES;
				GENERATE_INFOPLIST_FILE = YES;
				INFOPLIST_KEY_UIApplicationSceneManifest_Generation = YES;
				INFOPLIST_KEY_UIApplicationSupportsIndirectInputEvents = YES;
				INFOPLIST_KEY_UILaunchScreen_Generation = YES;
				INFOPLIST_KEY_UISupportedInterfaceOrientations_iPad = "UIInterfaceOrientationPortrait UIInterfaceOrientationPortraitUpsideDown UIInterfaceOrientationLandscapeLeft UIInterfaceOrientationLandscapeRight";
				INFOPLIST_KEY_UISupportedInterfaceOrientations_iPhone = "UIInterfaceOrientationPortrait UIInterfaceOrientationLandscapeLeft UIInterfaceOrientationLandscapeRight";
				LD_RUNPATH_SEARCH_PATHS = (
					"$(inherited)",
					"@executable_path/Frameworks",
				);
				MARKETING_VERSION = 1.0;
				PRODUCT_BUNDLE_IDENTIFIER = com.Dan.SwiftUIDemo;
				PRODUCT_NAME = "$(TARGET_NAME)";
				SWIFT_EMIT_LOC_STRINGS = YES;
				SWIFT_VERSION = 5.0;
				TARGETED_DEVICE_FAMILY = "1,2";
			};
			name = Release;
		};
/* End XCBuildConfiguration section */

/* Begin XCConfigurationList section */
		18A80A952B6BD40C007254E8 /* Build configuration list for PBXProject "SwiftUIDemo" */ = {
			isa = XCConfigurationList;
			buildConfigurations = (
				18A80AA62B6BD411007254E8 /* Debug */,
				18A80AA72B6BD411007254E8 /* Release */,
			);
			defaultConfigurationIsVisible = 0;
			defaultConfigurationName = Release;
		};
		18A80AA82B6BD411007254E8 /* Build configuration list for PBXNativeTarget "SwiftUIDemo" */ = {
			isa = XCConfigurationList;
			buildConfigurations = (
				18A80AA92B6BD411007254E8 /* Debug */,
				18A80AAA2B6BD411007254E8 /* Release */,
			);
			defaultConfigurationIsVisible = 0;
			defaultConfigurationName = Release;
		};
/* End XCConfigurationList section */
	};
	rootObject = 18A80A922B6BD40C007254E8 /* Project object */;
}
